
Microsoft Visual Studio Solution File, Format Version 12.00
# Visual Studio Version 17
VisualStudioVersion = 17.6.33815.320
MinimumVisualStudioVersion = 10.0.40219.1
Project("{9A19103F-16F7-4668-BE54-9A1E7A4F7556}") = "Krakatoa", "Krakatoa\Krakatoa.csproj", "{574F640B-05F0-47E1-B859-CA4A0E4D260B}"
EndProject
Project("{9A19103F-16F7-4668-BE54-9A1E7A4F7556}") = "Yellowstone", "Yellowstone\Yellowstone.csproj", "{96293526-74D8-4630-B493-0AA2425611F6}"
EndProject
Project("{9A19103F-16F7-4668-BE54-9A1E7A4F7556}") = "Vesuvio", "Vesuvio\Vesuvio.csproj", "{54424B1B-8B7F-4FCE-BEC2-5387EE783DBE}"
EndProject
Project("{9A19103F-16F7-4668-BE54-9A1E7A4F7556}") = "Kilauea", "Kilauea\Kilauea.csproj", "{F02738BA-94CB-4E63-B8B5-D274E3D725B8}"
EndProject
Project("{9A19103F-16F7-4668-BE54-9A1E7A4F7556}") = "Yojoa", "Yojoa\Yojoa.csproj", "{CE9ACBEA-08F7-4D15-830B-42FFC367BB09}"
EndProject
Project("{9A19103F-16F7-4668-BE54-9A1E7A4F7556}") = "Arichua", "Arichua\Arichua.csproj", "{20990676-6892-416A-9991-429D1DC63B4B}"
EndProject
Project("{9A19103F-16F7-4668-BE54-9A1E7A4F7556}") = "Acatlan", "Acatlan\Acatlan.csproj", "{0BF69E54-644F-4D47-A92C-CC1B46D9A906}"
EndProject
Project("{2150E333-8FDC-42A3-9474-1A3956D46DE8}") = "Lib", "Lib", "{42FD759E-76B4-4FE0-A26C-C9676F3AAEA7}"
EndProject
Project("{9A19103F-16F7-4668-BE54-9A1E7A4F7556}") = "Magma", "Lib\Magma\Magma.csproj", "{C254A33C-99E6-4816-BF3D-3086E2731D21}"
EndProject
Project("{2150E333-8FDC-42A3-9474-1A3956D46DE8}") = "Tajumulco", "Tajumulco", "{EBD23348-B9F6-4576-8F37-3BB87709A619}"
EndProject
Project("{9A19103F-16F7-4668-BE54-9A1E7A4F7556}") = "Tajumulco.Client", "Tajumulco\Tajumulco.Client\Tajumulco.Client.csproj", "{241A9E3A-9508-41BD-8EA4-A6257A24B01E}"
EndProject
Project("{9A19103F-16F7-4668-BE54-9A1E7A4F7556}") = "Tajumulco.Server", "Tajumulco\Tajumulco.Server\Tajumulco.Server.csproj", "{FEE7F0F3-BF46-4366-B24A-2E59B86E551E}"
EndProject
Project("{9A19103F-16F7-4668-BE54-9A1E7A4F7556}") = "Momotombo", "Momotombo\Momotombo.csproj", "{E40D042D-16A6-4457-AAEB-395530788670}"
EndProject
Global
	GlobalSection(SolutionConfigurationPlatforms) = preSolution
		Debug|Any CPU = Debug|Any CPU
		Release|Any CPU = Release|Any CPU
	EndGlobalSection
	GlobalSection(ProjectConfigurationPlatforms) = postSolution
		{574F640B-05F0-47E1-B859-CA4A0E4D260B}.Debug|Any CPU.ActiveCfg = Debug|Any CPU
		{574F640B-05F0-47E1-B859-CA4A0E4D260B}.Debug|Any CPU.Build.0 = Debug|Any CPU
		{574F640B-05F0-47E1-B859-CA4A0E4D260B}.Release|Any CPU.ActiveCfg = Release|Any CPU
		{574F640B-05F0-47E1-B859-CA4A0E4D260B}.Release|Any CPU.Build.0 = Release|Any CPU
		{96293526-74D8-4630-B493-0AA2425611F6}.Debug|Any CPU.ActiveCfg = Debug|Any CPU
		{96293526-74D8-4630-B493-0AA2425611F6}.Debug|Any CPU.Build.0 = Debug|Any CPU
		{96293526-74D8-4630-B493-0AA2425611F6}.Release|Any CPU.ActiveCfg = Release|Any CPU
		{96293526-74D8-4630-B493-0AA2425611F6}.Release|Any CPU.Build.0 = Release|Any CPU
		{54424B1B-8B7F-4FCE-BEC2-5387EE783DBE}.Debug|Any CPU.ActiveCfg = Debug|Any CPU
		{54424B1B-8B7F-4FCE-BEC2-5387EE783DBE}.Debug|Any CPU.Build.0 = Debug|Any CPU
		{54424B1B-8B7F-4FCE-BEC2-5387EE783DBE}.Release|Any CPU.ActiveCfg = Release|Any CPU
		{54424B1B-8B7F-4FCE-BEC2-5387EE783DBE}.Release|Any CPU.Build.0 = Release|Any CPU
		{F02738BA-94CB-4E63-B8B5-D274E3D725B8}.Debug|Any CPU.ActiveCfg = Debug|Any CPU
		{F02738BA-94CB-4E63-B8B5-D274E3D725B8}.Debug|Any CPU.Build.0 = Debug|Any CPU
		{F02738BA-94CB-4E63-B8B5-D274E3D725B8}.Release|Any CPU.ActiveCfg = Release|Any CPU
		{F02738BA-94CB-4E63-B8B5-D274E3D725B8}.Release|Any CPU.Build.0 = Release|Any CPU
		{CE9ACBEA-08F7-4D15-830B-42FFC367BB09}.Debug|Any CPU.ActiveCfg = Debug|Any CPU
		{CE9ACBEA-08F7-4D15-830B-42FFC367BB09}.Debug|Any CPU.Build.0 = Debug|Any CPU
		{CE9ACBEA-08F7-4D15-830B-42FFC367BB09}.Release|Any CPU.ActiveCfg = Release|Any CPU
		{CE9ACBEA-08F7-4D15-830B-42FFC367BB09}.Release|Any CPU.Build.0 = Release|Any CPU
		{20990676-6892-416A-9991-429D1DC63B4B}.Debug|Any CPU.ActiveCfg = Debug|Any CPU
		{20990676-6892-416A-9991-429D1DC63B4B}.Debug|Any CPU.Build.0 = Debug|Any CPU
		{20990676-6892-416A-9991-429D1DC63B4B}.Release|Any CPU.ActiveCfg = Release|Any CPU
		{20990676-6892-416A-9991-429D1DC63B4B}.Release|Any CPU.Build.0 = Release|Any CPU
		{0BF69E54-644F-4D47-A92C-CC1B46D9A906}.Debug|Any CPU.ActiveCfg = Debug|Any CPU
		{0BF69E54-644F-4D47-A92C-CC1B46D9A906}.Debug|Any CPU.Build.0 = Debug|Any CPU
		{0BF69E54-644F-4D47-A92C-CC1B46D9A906}.Release|Any CPU.ActiveCfg = Release|Any CPU
		{0BF69E54-644F-4D47-A92C-CC1B46D9A906}.Release|Any CPU.Build.0 = Release|Any CPU
		{C254A33C-99E6-4816-BF3D-3086E2731D21}.Debug|Any CPU.ActiveCfg = Debug|Any CPU
		{C254A33C-99E6-4816-BF3D-3086E2731D21}.Debug|Any CPU.Build.0 = Debug|Any CPU
		{C254A33C-99E6-4816-BF3D-3086E2731D21}.Release|Any CPU.ActiveCfg = Release|Any CPU
		{C254A33C-99E6-4816-BF3D-3086E2731D21}.Release|Any CPU.Build.0 = Release|Any CPU
		{241A9E3A-9508-41BD-8EA4-A6257A24B01E}.Debug|Any CPU.ActiveCfg = Debug|Any CPU
		{241A9E3A-9508-41BD-8EA4-A6257A24B01E}.Debug|Any CPU.Build.0 = Debug|Any CPU
		{241A9E3A-9508-41BD-8EA4-A6257A24B01E}.Release|Any CPU.ActiveCfg = Release|Any CPU
		{241A9E3A-9508-41BD-8EA4-A6257A24B01E}.Release|Any CPU.Build.0 = Release|Any CPU
		{FEE7F0F3-BF46-4366-B24A-2E59B86E551E}.Debug|Any CPU.ActiveCfg = Debug|Any CPU
		{FEE7F0F3-BF46-4366-B24A-2E59B86E551E}.Debug|Any CPU.Build.0 = Debug|Any CPU
		{FEE7F0F3-BF46-4366-B24A-2E59B86E551E}.Release|Any CPU.ActiveCfg = Release|Any CPU
		{FEE7F0F3-BF46-4366-B24A-2E59B86E551E}.Release|Any CPU.Build.0 = Release|Any CPU
		{E40D042D-16A6-4457-AAEB-395530788670}.Debug|Any CPU.ActiveCfg = Debug|Any CPU
		{E40D042D-16A6-4457-AAEB-395530788670}.Debug|Any CPU.Build.0 = Debug|Any CPU
		{E40D042D-16A6-4457-AAEB-395530788670}.Release|Any CPU.ActiveCfg = Release|Any CPU
		{E40D042D-16A6-4457-AAEB-395530788670}.Release|Any CPU.Build.0 = Release|Any CPU
	EndGlobalSection
	GlobalSection(SolutionProperties) = preSolution
		HideSolutionNode = FALSE
	EndGlobalSection
	GlobalSection(NestedProjects) = preSolution
		{C254A33C-99E6-4816-BF3D-3086E2731D21} = {42FD759E-76B4-4FE0-A26C-C9676F3AAEA7}
		{241A9E3A-9508-41BD-8EA4-A6257A24B01E} = {EBD23348-B9F6-4576-8F37-3BB87709A619}
		{FEE7F0F3-BF46-4366-B24A-2E59B86E551E} = {EBD23348-B9F6-4576-8F37-3BB87709A619}
	EndGlobalSection
	GlobalSection(ExtensibilityGlobals) = postSolution
		SolutionGuid = {6A4EA61F-1B47-4263-A110-FCD17CC02540}
	EndGlobalSection
EndGlobal
