
Microsoft Visual Studio Solution File, Format Version 12.00
# Visual Studio Version 16
VisualStudioVersion = 16.0.29920.165
MinimumVisualStudioVersion = 10.0.40219.1
Project("{9A19103F-16F7-4668-BE54-9A1E7A4F7556}") = "Krakatoa", "Krakatoa\Krakatoa.csproj", "{574F640B-05F0-47E1-B859-CA4A0E4D260B}"
EndProject
Project("{9A19103F-16F7-4668-BE54-9A1E7A4F7556}") = "Yellowstone", "Yellowstone\Yellowstone.csproj", "{96293526-74D8-4630-B493-0AA2425611F6}"
EndProject
Project("{9A19103F-16F7-4668-BE54-9A1E7A4F7556}") = "Vesuvio", "Vesuvio\Vesuvio.csproj", "{54424B1B-8B7F-4FCE-BEC2-5387EE783DBE}"
EndProject
Project("{9A19103F-16F7-4668-BE54-9A1E7A4F7556}") = "Kilauea", "Kilauea\Kilauea.csproj", "{F02738BA-94CB-4E63-B8B5-D274E3D725B8}"
EndProject
Global
	GlobalSection(SolutionConfigurationPlatforms) = preSolution
		Debug|Any CPU = Debug|Any CPU
		Release|Any CPU = Release|Any CPU
	EndGlobalSection
	GlobalSection(ProjectConfigurationPlatforms) = postSolution
		{574F640B-05F0-47E1-B859-CA4A0E4D260B}.Debug|Any CPU.ActiveCfg = Debug|Any CPU
		{574F640B-05F0-47E1-B859-CA4A0E4D260B}.Debug|Any CPU.Build.0 = Debug|Any CPU
		{574F640B-05F0-47E1-B859-CA4A0E4D260B}.Release|Any CPU.ActiveCfg = Release|Any CPU
		{574F640B-05F0-47E1-B859-CA4A0E4D260B}.Release|Any CPU.Build.0 = Release|Any CPU
		{96293526-74D8-4630-B493-0AA2425611F6}.Debug|Any CPU.ActiveCfg = Debug|Any CPU
		{96293526-74D8-4630-B493-0AA2425611F6}.Debug|Any CPU.Build.0 = Debug|Any CPU
		{96293526-74D8-4630-B493-0AA2425611F6}.Release|Any CPU.ActiveCfg = Release|Any CPU
		{96293526-74D8-4630-B493-0AA2425611F6}.Release|Any CPU.Build.0 = Release|Any CPU
		{54424B1B-8B7F-4FCE-BEC2-5387EE783DBE}.Debug|Any CPU.ActiveCfg = Debug|Any CPU
		{54424B1B-8B7F-4FCE-BEC2-5387EE783DBE}.Debug|Any CPU.Build.0 = Debug|Any CPU
		{54424B1B-8B7F-4FCE-BEC2-5387EE783DBE}.Release|Any CPU.ActiveCfg = Release|Any CPU
		{54424B1B-8B7F-4FCE-BEC2-5387EE783DBE}.Release|Any CPU.Build.0 = Release|Any CPU
		{F02738BA-94CB-4E63-B8B5-D274E3D725B8}.Debug|Any CPU.ActiveCfg = Debug|Any CPU
		{F02738BA-94CB-4E63-B8B5-D274E3D725B8}.Debug|Any CPU.Build.0 = Debug|Any CPU
		{F02738BA-94CB-4E63-B8B5-D274E3D725B8}.Release|Any CPU.ActiveCfg = Release|Any CPU
		{F02738BA-94CB-4E63-B8B5-D274E3D725B8}.Release|Any CPU.Build.0 = Release|Any CPU
	EndGlobalSection
	GlobalSection(SolutionProperties) = preSolution
		HideSolutionNode = FALSE
	EndGlobalSection
	GlobalSection(ExtensibilityGlobals) = postSolution
		SolutionGuid = {6A4EA61F-1B47-4263-A110-FCD17CC02540}
	EndGlobalSection
EndGlobal
